
Microsoft Visual Studio Solution File, Format Version 12.00
# Visual Studio Version 16
VisualStudioVersion = 16.0.29728.190
MinimumVisualStudioVersion = 10.0.40219.1
Project("{888888A0-9F3D-457C-B088-3A5042F75D52}") = "ScreenGrabber", "ScreenGrabber.pyproj", "{804D2B00-19D9-4C6D-960C-C593672E8625}"
EndProject
Global
	GlobalSection(SolutionConfigurationPlatforms) = preSolution
		Debug|Any CPU = Debug|Any CPU
		Release|Any CPU = Release|Any CPU
	EndGlobalSection
	GlobalSection(ProjectConfigurationPlatforms) = postSolution
		{804D2B00-19D9-4C6D-960C-C593672E8625}.Debug|Any CPU.ActiveCfg = Debug|Any CPU
		{804D2B00-19D9-4C6D-960C-C593672E8625}.Release|Any CPU.ActiveCfg = Release|Any CPU
	EndGlobalSection
	GlobalSection(SolutionProperties) = preSolution
		HideSolutionNode = FALSE
	EndGlobalSection
	GlobalSection(ExtensibilityGlobals) = postSolution
		SolutionGuid = {83086626-C905-4AA4-BEA8-A06B546937BB}
	EndGlobalSection
EndGlobal
